# This file is automatically @generated by Cargo.
# It is not intended for manual editing.
version = 3

[[package]]
name = "cc"
version = "1.0.73"
source = "registry+https://github.com/rust-lang/crates.io-index"
checksum = "2fff2a6927b3bb87f9595d67196a70493f627687a71d87a0d692242c33f58c11"

[[package]]
name = "libmimalloc-sys"
version = "0.1.24"
source = "registry+https://github.com/rust-lang/crates.io-index"
checksum = "7705fc40f6ed493f73584abbb324e74f96b358ff60dfe5659a0f8fc12c590a69"
dependencies = [
 "cc",
]

[[package]]
name = "mimalloc"
version = "0.1.28"
source = "registry+https://github.com/rust-lang/crates.io-index"
checksum = "b0dfa131390c2f6bdb3242f65ff271fcdaca5ff7b6c08f28398be7f2280e3926"
dependencies = [
 "libmimalloc-sys",
]

[[package]]
name = "rust"
version = "0.1.0"
dependencies = [
 "mimalloc",
]
